
Microsoft Visual Studio Solution File, Format Version 12.00
# Visual Studio 15
VisualStudioVersion = 15.0.27428.2005
MinimumVisualStudioVersion = 10.0.40219.1
Project("{888888A0-9F3D-457C-B088-3A5042F75D52}") = "dafeiji", "dafeiji\dafeiji.pyproj", "{BD94DE86-C4D2-4931-B558-04F448E39D1D}"
EndProject
Global
	GlobalSection(SolutionConfigurationPlatforms) = preSolution
		Debug|Any CPU = Debug|Any CPU
		Release|Any CPU = Release|Any CPU
	EndGlobalSection
	GlobalSection(ProjectConfigurationPlatforms) = postSolution
		{BD94DE86-C4D2-4931-B558-04F448E39D1D}.Debug|Any CPU.ActiveCfg = Debug|Any CPU
		{BD94DE86-C4D2-4931-B558-04F448E39D1D}.Release|Any CPU.ActiveCfg = Release|Any CPU
	EndGlobalSection
	GlobalSection(SolutionProperties) = preSolution
		HideSolutionNode = FALSE
	EndGlobalSection
	GlobalSection(ExtensibilityGlobals) = postSolution
		SolutionGuid = {D28D5B1F-44DD-4B26-9EED-09688CD16666}
	EndGlobalSection
EndGlobal
